// !$*UTF8*$!
{
	archiveVersion = 1;
	classes = {
	};
	objectVersion = 56;
	objects = {

/* Begin PBXBuildFile section */
		B4037DD22C3D40C500D6B003 /* FDButton.swift in Sources */ = {isa = PBXBuildFile; fileRef = B4037DD12C3D40C500D6B003 /* FDButton.swift */; };
		B49F41ED2C3466BE00F06455 /* AppDelegate.swift in Sources */ = {isa = PBXBuildFile; fileRef = B49F41EC2C3466BE00F06455 /* AppDelegate.swift */; };
		B49F41EF2C3466BE00F06455 /* SceneDelegate.swift in Sources */ = {isa = PBXBuildFile; fileRef = B49F41EE2C3466BE00F06455 /* SceneDelegate.swift */; };
		B49F41F12C3466BE00F06455 /* ViewController.swift in Sources */ = {isa = PBXBuildFile; fileRef = B49F41F02C3466BE00F06455 /* ViewController.swift */; };
		B49F41F62C3466C000F06455 /* Assets.xcassets in Resources */ = {isa = PBXBuildFile; fileRef = B49F41F52C3466C000F06455 /* Assets.xcassets */; };
		B49F41F92C3466C000F06455 /* LaunchScreen.storyboard in Resources */ = {isa = PBXBuildFile; fileRef = B49F41F72C3466C000F06455 /* LaunchScreen.storyboard */; };
		B49F42062C35A14E00F06455 /* UIFont+Extension.swift in Sources */ = {isa = PBXBuildFile; fileRef = B49F42052C35A14E00F06455 /* UIFont+Extension.swift */; };
		B49F42152C35A66F00F06455 /* Roboto-Medium.ttf in Resources */ = {isa = PBXBuildFile; fileRef = B49F42082C35A66F00F06455 /* Roboto-Medium.ttf */; };
		B49F42162C35A66F00F06455 /* Roboto-Light.ttf in Resources */ = {isa = PBXBuildFile; fileRef = B49F42092C35A66F00F06455 /* Roboto-Light.ttf */; };
		B49F42172C35A66F00F06455 /* Roboto-Regular.ttf in Resources */ = {isa = PBXBuildFile; fileRef = B49F420A2C35A66F00F06455 /* Roboto-Regular.ttf */; };
		B49F42182C35A66F00F06455 /* Roboto-MediumItalic.ttf in Resources */ = {isa = PBXBuildFile; fileRef = B49F420B2C35A66F00F06455 /* Roboto-MediumItalic.ttf */; };
		B49F42192C35A66F00F06455 /* Roboto-ThinItalic.ttf in Resources */ = {isa = PBXBuildFile; fileRef = B49F420C2C35A66F00F06455 /* Roboto-ThinItalic.ttf */; };
		B49F421A2C35A66F00F06455 /* Roboto-BoldItalic.ttf in Resources */ = {isa = PBXBuildFile; fileRef = B49F420D2C35A66F00F06455 /* Roboto-BoldItalic.ttf */; };
		B49F421B2C35A66F00F06455 /* Roboto-LightItalic.ttf in Resources */ = {isa = PBXBuildFile; fileRef = B49F420E2C35A66F00F06455 /* Roboto-LightItalic.ttf */; };
		B49F421C2C35A66F00F06455 /* Roboto-Italic.ttf in Resources */ = {isa = PBXBuildFile; fileRef = B49F420F2C35A66F00F06455 /* Roboto-Italic.ttf */; };
		B49F421D2C35A66F00F06455 /* LICENSE.txt in Resources */ = {isa = PBXBuildFile; fileRef = B49F42102C35A66F00F06455 /* LICENSE.txt */; };
		B49F421E2C35A66F00F06455 /* Roboto-BlackItalic.ttf in Resources */ = {isa = PBXBuildFile; fileRef = B49F42112C35A66F00F06455 /* Roboto-BlackItalic.ttf */; };
		B49F421F2C35A66F00F06455 /* Roboto-Bold.ttf in Resources */ = {isa = PBXBuildFile; fileRef = B49F42122C35A66F00F06455 /* Roboto-Bold.ttf */; };
		B49F42202C35A66F00F06455 /* Roboto-Thin.ttf in Resources */ = {isa = PBXBuildFile; fileRef = B49F42132C35A66F00F06455 /* Roboto-Thin.ttf */; };
		B49F42212C35A66F00F06455 /* Roboto-Black.ttf in Resources */ = {isa = PBXBuildFile; fileRef = B49F42142C35A66F00F06455 /* Roboto-Black.ttf */; };
		B49F42232C35A78700F06455 /* UIColor+Extension.swift in Sources */ = {isa = PBXBuildFile; fileRef = B49F42222C35A78700F06455 /* UIColor+Extension.swift */; };
		B49F42252C35AA5600F06455 /* AppColors.swift in Sources */ = {isa = PBXBuildFile; fileRef = B49F42242C35AA5600F06455 /* AppColors.swift */; };
		B49F422A2C36A73300F06455 /* Coordinator.swift in Sources */ = {isa = PBXBuildFile; fileRef = B49F42292C36A73300F06455 /* Coordinator.swift */; };
		B49F422C2C36AB9800F06455 /* AppCoordinator.swift in Sources */ = {isa = PBXBuildFile; fileRef = B49F422B2C36AB9800F06455 /* AppCoordinator.swift */; };
		B49F422E2C36AC4800F06455 /* OnboardingCoordinator.swift in Sources */ = {isa = PBXBuildFile; fileRef = B49F422D2C36AC4800F06455 /* OnboardingCoordinator.swift */; };
		B49F42302C36B8F800F06455 /* HomeCoordinator.swift in Sources */ = {isa = PBXBuildFile; fileRef = B49F422F2C36B8F800F06455 /* HomeCoordinator.swift */; };
		B49F42322C36B93600F06455 /* OrderCoordinator.swift in Sources */ = {isa = PBXBuildFile; fileRef = B49F42312C36B93600F06455 /* OrderCoordinator.swift */; };
		B49F42342C36B94F00F06455 /* ListCoordinator.swift in Sources */ = {isa = PBXBuildFile; fileRef = B49F42332C36B94F00F06455 /* ListCoordinator.swift */; };
		B49F42362C36B96900F06455 /* ProfileCoordinator.swift in Sources */ = {isa = PBXBuildFile; fileRef = B49F42352C36B96900F06455 /* ProfileCoordinator.swift */; };
		B49F42382C36B99200F06455 /* TabBarController.swift in Sources */ = {isa = PBXBuildFile; fileRef = B49F42372C36B99200F06455 /* TabBarController.swift */; };
		B49F423B2C37009000F06455 /* OnboardingViewController.swift in Sources */ = {isa = PBXBuildFile; fileRef = B49F423A2C37008F00F06455 /* OnboardingViewController.swift */; };
		B49F423E2C3700F600F06455 /* OnboardingViewPresenter.swift in Sources */ = {isa = PBXBuildFile; fileRef = B49F423D2C3700F600F06455 /* OnboardingViewPresenter.swift */; };
		B49F42402C3835C700F06455 /* OnboardingPartViewController.swift in Sources */ = {isa = PBXBuildFile; fileRef = B49F423F2C3835C700F06455 /* OnboardingPartViewController.swift */; };
		B49F42432C3AAC0900F06455 /* UserStorage.swift in Sources */ = {isa = PBXBuildFile; fileRef = B49F42422C3AAC0900F06455 /* UserStorage.swift */; };
		B49F42462C3AB0E200F06455 /* SceneFactory.swift in Sources */ = {isa = PBXBuildFile; fileRef = B49F42452C3AB0E200F06455 /* SceneFactory.swift */; };
		B49F42492C3AED9000F06455 /* LoginViewController.swift in Sources */ = {isa = PBXBuildFile; fileRef = B49F42482C3AED9000F06455 /* LoginViewController.swift */; };
		B49F424E2C3AEE6700F06455 /* BottomView.swift in Sources */ = {isa = PBXBuildFile; fileRef = B49F424D2C3AEE6700F06455 /* BottomView.swift */; };
/* End PBXBuildFile section */

/* Begin PBXFileReference section */
		B4037DD12C3D40C500D6B003 /* FDButton.swift */ = {isa = PBXFileReference; lastKnownFileType = sourcecode.swift; path = FDButton.swift; sourceTree = "<group>"; };
		B49F41E92C3466BE00F06455 /* FoodDeliveryApp.app */ = {isa = PBXFileReference; explicitFileType = wrapper.application; includeInIndex = 0; path = FoodDeliveryApp.app; sourceTree = BUILT_PRODUCTS_DIR; };
		B49F41EC2C3466BE00F06455 /* AppDelegate.swift */ = {isa = PBXFileReference; lastKnownFileType = sourcecode.swift; path = AppDelegate.swift; sourceTree = "<group>"; };
		B49F41EE2C3466BE00F06455 /* SceneDelegate.swift */ = {isa = PBXFileReference; lastKnownFileType = sourcecode.swift; path = SceneDelegate.swift; sourceTree = "<group>"; };
		B49F41F02C3466BE00F06455 /* ViewController.swift */ = {isa = PBXFileReference; lastKnownFileType = sourcecode.swift; path = ViewController.swift; sourceTree = "<group>"; };
		B49F41F52C3466C000F06455 /* Assets.xcassets */ = {isa = PBXFileReference; lastKnownFileType = folder.assetcatalog; path = Assets.xcassets; sourceTree = "<group>"; };
		B49F41F82C3466C000F06455 /* Base */ = {isa = PBXFileReference; lastKnownFileType = file.storyboard; name = Base; path = Base.lproj/LaunchScreen.storyboard; sourceTree = "<group>"; };
		B49F41FA2C3466C000F06455 /* Info.plist */ = {isa = PBXFileReference; lastKnownFileType = text.plist.xml; path = Info.plist; sourceTree = "<group>"; };
		B49F42052C35A14E00F06455 /* UIFont+Extension.swift */ = {isa = PBXFileReference; lastKnownFileType = sourcecode.swift; path = "UIFont+Extension.swift"; sourceTree = "<group>"; };
		B49F42082C35A66F00F06455 /* Roboto-Medium.ttf */ = {isa = PBXFileReference; lastKnownFileType = file; path = "Roboto-Medium.ttf"; sourceTree = "<group>"; };
		B49F42092C35A66F00F06455 /* Roboto-Light.ttf */ = {isa = PBXFileReference; lastKnownFileType = file; path = "Roboto-Light.ttf"; sourceTree = "<group>"; };
		B49F420A2C35A66F00F06455 /* Roboto-Regular.ttf */ = {isa = PBXFileReference; lastKnownFileType = file; path = "Roboto-Regular.ttf"; sourceTree = "<group>"; };
		B49F420B2C35A66F00F06455 /* Roboto-MediumItalic.ttf */ = {isa = PBXFileReference; lastKnownFileType = file; path = "Roboto-MediumItalic.ttf"; sourceTree = "<group>"; };
		B49F420C2C35A66F00F06455 /* Roboto-ThinItalic.ttf */ = {isa = PBXFileReference; lastKnownFileType = file; path = "Roboto-ThinItalic.ttf"; sourceTree = "<group>"; };
		B49F420D2C35A66F00F06455 /* Roboto-BoldItalic.ttf */ = {isa = PBXFileReference; lastKnownFileType = file; path = "Roboto-BoldItalic.ttf"; sourceTree = "<group>"; };
		B49F420E2C35A66F00F06455 /* Roboto-LightItalic.ttf */ = {isa = PBXFileReference; lastKnownFileType = file; path = "Roboto-LightItalic.ttf"; sourceTree = "<group>"; };
		B49F420F2C35A66F00F06455 /* Roboto-Italic.ttf */ = {isa = PBXFileReference; lastKnownFileType = file; path = "Roboto-Italic.ttf"; sourceTree = "<group>"; };
		B49F42102C35A66F00F06455 /* LICENSE.txt */ = {isa = PBXFileReference; fileEncoding = 4; lastKnownFileType = text; path = LICENSE.txt; sourceTree = "<group>"; };
		B49F42112C35A66F00F06455 /* Roboto-BlackItalic.ttf */ = {isa = PBXFileReference; lastKnownFileType = file; path = "Roboto-BlackItalic.ttf"; sourceTree = "<group>"; };
		B49F42122C35A66F00F06455 /* Roboto-Bold.ttf */ = {isa = PBXFileReference; lastKnownFileType = file; path = "Roboto-Bold.ttf"; sourceTree = "<group>"; };
		B49F42132C35A66F00F06455 /* Roboto-Thin.ttf */ = {isa = PBXFileReference; lastKnownFileType = file; path = "Roboto-Thin.ttf"; sourceTree = "<group>"; };
		B49F42142C35A66F00F06455 /* Roboto-Black.ttf */ = {isa = PBXFileReference; lastKnownFileType = file; path = "Roboto-Black.ttf"; sourceTree = "<group>"; };
		B49F42222C35A78700F06455 /* UIColor+Extension.swift */ = {isa = PBXFileReference; lastKnownFileType = sourcecode.swift; path = "UIColor+Extension.swift"; sourceTree = "<group>"; };
		B49F42242C35AA5600F06455 /* AppColors.swift */ = {isa = PBXFileReference; lastKnownFileType = sourcecode.swift; path = AppColors.swift; sourceTree = "<group>"; };
		B49F42292C36A73300F06455 /* Coordinator.swift */ = {isa = PBXFileReference; lastKnownFileType = sourcecode.swift; path = Coordinator.swift; sourceTree = "<group>"; };
		B49F422B2C36AB9800F06455 /* AppCoordinator.swift */ = {isa = PBXFileReference; lastKnownFileType = sourcecode.swift; path = AppCoordinator.swift; sourceTree = "<group>"; };
		B49F422D2C36AC4800F06455 /* OnboardingCoordinator.swift */ = {isa = PBXFileReference; lastKnownFileType = sourcecode.swift; path = OnboardingCoordinator.swift; sourceTree = "<group>"; };
		B49F422F2C36B8F800F06455 /* HomeCoordinator.swift */ = {isa = PBXFileReference; lastKnownFileType = sourcecode.swift; path = HomeCoordinator.swift; sourceTree = "<group>"; };
		B49F42312C36B93600F06455 /* OrderCoordinator.swift */ = {isa = PBXFileReference; lastKnownFileType = sourcecode.swift; path = OrderCoordinator.swift; sourceTree = "<group>"; };
		B49F42332C36B94F00F06455 /* ListCoordinator.swift */ = {isa = PBXFileReference; lastKnownFileType = sourcecode.swift; path = ListCoordinator.swift; sourceTree = "<group>"; };
		B49F42352C36B96900F06455 /* ProfileCoordinator.swift */ = {isa = PBXFileReference; lastKnownFileType = sourcecode.swift; path = ProfileCoordinator.swift; sourceTree = "<group>"; };
		B49F42372C36B99200F06455 /* TabBarController.swift */ = {isa = PBXFileReference; lastKnownFileType = sourcecode.swift; path = TabBarController.swift; sourceTree = "<group>"; };
		B49F423A2C37008F00F06455 /* OnboardingViewController.swift */ = {isa = PBXFileReference; lastKnownFileType = sourcecode.swift; path = OnboardingViewController.swift; sourceTree = "<group>"; };
		B49F423D2C3700F600F06455 /* OnboardingViewPresenter.swift */ = {isa = PBXFileReference; lastKnownFileType = sourcecode.swift; path = OnboardingViewPresenter.swift; sourceTree = "<group>"; };
		B49F423F2C3835C700F06455 /* OnboardingPartViewController.swift */ = {isa = PBXFileReference; lastKnownFileType = sourcecode.swift; path = OnboardingPartViewController.swift; sourceTree = "<group>"; };
		B49F42422C3AAC0900F06455 /* UserStorage.swift */ = {isa = PBXFileReference; lastKnownFileType = sourcecode.swift; path = UserStorage.swift; sourceTree = "<group>"; };
		B49F42452C3AB0E200F06455 /* SceneFactory.swift */ = {isa = PBXFileReference; lastKnownFileType = sourcecode.swift; path = SceneFactory.swift; sourceTree = "<group>"; };
		B49F42482C3AED9000F06455 /* LoginViewController.swift */ = {isa = PBXFileReference; lastKnownFileType = sourcecode.swift; path = LoginViewController.swift; sourceTree = "<group>"; };
		B49F424D2C3AEE6700F06455 /* BottomView.swift */ = {isa = PBXFileReference; lastKnownFileType = sourcecode.swift; path = BottomView.swift; sourceTree = "<group>"; };
/* End PBXFileReference section */

/* Begin PBXFrameworksBuildPhase section */
		B49F41E62C3466BE00F06455 /* Frameworks */ = {
			isa = PBXFrameworksBuildPhase;
			buildActionMask = 2147483647;
			files = (
			);
			runOnlyForDeploymentPostprocessing = 0;
		};
/* End PBXFrameworksBuildPhase section */

/* Begin PBXGroup section */
		B4037DCE2C3D402D00D6B003 /* Views */ = {
			isa = PBXGroup;
			children = (
				B4037DD12C3D40C500D6B003 /* FDButton.swift */,
			);
			path = Views;
			sourceTree = "<group>";
		};
		B4037DCF2C3D403F00D6B003 /* Factory */ = {
			isa = PBXGroup;
			children = (
				B49F42442C3AB0C600F06455 /* SceneFactory */,
			);
			path = Factory;
			sourceTree = "<group>";
		};
		B4037DD02C3D409600D6B003 /* Scenes */ = {
			isa = PBXGroup;
			children = (
				B49F42472C3AED5100F06455 /* AuthScene */,
				B49F423C2C3700B200F06455 /* OnboardingScene */,
			);
			path = Scenes;
			sourceTree = "<group>";
		};
		B49F41E02C3466BE00F06455 = {
			isa = PBXGroup;
			children = (
				B49F41EB2C3466BE00F06455 /* FoodDeliveryApp */,
				B49F41EA2C3466BE00F06455 /* Products */,
			);
			sourceTree = "<group>";
		};
		B49F41EA2C3466BE00F06455 /* Products */ = {
			isa = PBXGroup;
			children = (
				B49F41E92C3466BE00F06455 /* FoodDeliveryApp.app */,
			);
			name = Products;
			sourceTree = "<group>";
		};
		B49F41EB2C3466BE00F06455 /* FoodDeliveryApp */ = {
			isa = PBXGroup;
			children = (
				B49F42412C3AABEC00F06455 /* ServicesLayer */,
				B49F42392C36FFDC00F06455 /* UILayer */,
				B49F42262C36A6E000F06455 /* NavigationLayer */,
				B49F42002C359FCA00F06455 /* Resourses */,
				B49F41EC2C3466BE00F06455 /* AppDelegate.swift */,
				B49F41EE2C3466BE00F06455 /* SceneDelegate.swift */,
				B49F41F02C3466BE00F06455 /* ViewController.swift */,
				B49F41F52C3466C000F06455 /* Assets.xcassets */,
				B49F41F72C3466C000F06455 /* LaunchScreen.storyboard */,
				B49F41FA2C3466C000F06455 /* Info.plist */,
			);
			path = FoodDeliveryApp;
			sourceTree = "<group>";
		};
		B49F42002C359FCA00F06455 /* Resourses */ = {
			isa = PBXGroup;
			children = (
				B49F42042C35A12F00F06455 /* Extensions */,
				B49F42012C359FD500F06455 /* Fonts */,
				B49F42242C35AA5600F06455 /* AppColors.swift */,
			);
			path = Resourses;
			sourceTree = "<group>";
		};
		B49F42012C359FD500F06455 /* Fonts */ = {
			isa = PBXGroup;
			children = (
				B49F42072C35A66F00F06455 /* Roboto */,
			);
			path = Fonts;
			sourceTree = "<group>";
		};
		B49F42042C35A12F00F06455 /* Extensions */ = {
			isa = PBXGroup;
			children = (
				B49F42052C35A14E00F06455 /* UIFont+Extension.swift */,
				B49F42222C35A78700F06455 /* UIColor+Extension.swift */,
			);
			path = Extensions;
			sourceTree = "<group>";
		};
		B49F42072C35A66F00F06455 /* Roboto */ = {
			isa = PBXGroup;
			children = (
				B49F42082C35A66F00F06455 /* Roboto-Medium.ttf */,
				B49F42092C35A66F00F06455 /* Roboto-Light.ttf */,
				B49F420A2C35A66F00F06455 /* Roboto-Regular.ttf */,
				B49F420B2C35A66F00F06455 /* Roboto-MediumItalic.ttf */,
				B49F420C2C35A66F00F06455 /* Roboto-ThinItalic.ttf */,
				B49F420D2C35A66F00F06455 /* Roboto-BoldItalic.ttf */,
				B49F420E2C35A66F00F06455 /* Roboto-LightItalic.ttf */,
				B49F420F2C35A66F00F06455 /* Roboto-Italic.ttf */,
				B49F42102C35A66F00F06455 /* LICENSE.txt */,
				B49F42112C35A66F00F06455 /* Roboto-BlackItalic.ttf */,
				B49F42122C35A66F00F06455 /* Roboto-Bold.ttf */,
				B49F42132C35A66F00F06455 /* Roboto-Thin.ttf */,
				B49F42142C35A66F00F06455 /* Roboto-Black.ttf */,
			);
			name = Roboto;
			path = ../../../../../../../Downloads/Roboto;
			sourceTree = "<group>";
		};
		B49F42262C36A6E000F06455 /* NavigationLayer */ = {
			isa = PBXGroup;
			children = (
				B49F42282C36A71100F06455 /* Coordinators */,
				B49F42272C36A70700F06455 /* Controllers */,
			);
			path = NavigationLayer;
			sourceTree = "<group>";
		};
		B49F42272C36A70700F06455 /* Controllers */ = {
			isa = PBXGroup;
			children = (
				B49F42372C36B99200F06455 /* TabBarController.swift */,
			);
			path = Controllers;
			sourceTree = "<group>";
		};
		B49F42282C36A71100F06455 /* Coordinators */ = {
			isa = PBXGroup;
			children = (
				B49F42292C36A73300F06455 /* Coordinator.swift */,
				B49F422B2C36AB9800F06455 /* AppCoordinator.swift */,
				B49F422D2C36AC4800F06455 /* OnboardingCoordinator.swift */,
				B49F422F2C36B8F800F06455 /* HomeCoordinator.swift */,
				B49F42312C36B93600F06455 /* OrderCoordinator.swift */,
				B49F42332C36B94F00F06455 /* ListCoordinator.swift */,
				B49F42352C36B96900F06455 /* ProfileCoordinator.swift */,
			);
			path = Coordinators;
			sourceTree = "<group>";
		};
		B49F42392C36FFDC00F06455 /* UILayer */ = {
			isa = PBXGroup;
			children = (
				B4037DD02C3D409600D6B003 /* Scenes */,
				B4037DCF2C3D403F00D6B003 /* Factory */,
				B4037DCE2C3D402D00D6B003 /* Views */,
			);
			path = UILayer;
			sourceTree = "<group>";
		};
		B49F423C2C3700B200F06455 /* OnboardingScene */ = {
			isa = PBXGroup;
			children = (
				B49F423A2C37008F00F06455 /* OnboardingViewController.swift */,
				B49F423F2C3835C700F06455 /* OnboardingPartViewController.swift */,
				B49F423D2C3700F600F06455 /* OnboardingViewPresenter.swift */,
			);
			path = OnboardingScene;
			sourceTree = "<group>";
		};
		B49F42412C3AABEC00F06455 /* ServicesLayer */ = {
			isa = PBXGroup;
			children = (
				B49F42422C3AAC0900F06455 /* UserStorage.swift */,
			);
			path = ServicesLayer;
			sourceTree = "<group>";
		};
		B49F42442C3AB0C600F06455 /* SceneFactory */ = {
			isa = PBXGroup;
			children = (
				B49F42452C3AB0E200F06455 /* SceneFactory.swift */,
			);
			path = SceneFactory;
			sourceTree = "<group>";
		};
		B49F42472C3AED5100F06455 /* AuthScene */ = {
			isa = PBXGroup;
			children = (
				B49F424C2C3AEE4000F06455 /* Presenters */,
				B49F424B2C3AEE3400F06455 /* Controllers */,
				B49F424A2C3AEE2900F06455 /* Views */,
			);
			path = AuthScene;
			sourceTree = "<group>";
		};
		B49F424A2C3AEE2900F06455 /* Views */ = {
			isa = PBXGroup;
			children = (
				B49F424D2C3AEE6700F06455 /* BottomView.swift */,
			);
			path = Views;
			sourceTree = "<group>";
		};
		B49F424B2C3AEE3400F06455 /* Controllers */ = {
			isa = PBXGroup;
			children = (
				B49F42482C3AED9000F06455 /* LoginViewController.swift */,
			);
			path = Controllers;
			sourceTree = "<group>";
		};
		B49F424C2C3AEE4000F06455 /* Presenters */ = {
			isa = PBXGroup;
			children = (
			);
			path = Presenters;
			sourceTree = "<group>";
		};
/* End PBXGroup section */

/* Begin PBXNativeTarget section */
		B49F41E82C3466BE00F06455 /* FoodDeliveryApp */ = {
			isa = PBXNativeTarget;
			buildConfigurationList = B49F41FD2C3466C000F06455 /* Build configuration list for PBXNativeTarget "FoodDeliveryApp" */;
			buildPhases = (
				B49F41E52C3466BE00F06455 /* Sources */,
				B49F41E62C3466BE00F06455 /* Frameworks */,
				B49F41E72C3466BE00F06455 /* Resources */,
			);
			buildRules = (
			);
			dependencies = (
			);
			name = FoodDeliveryApp;
			productName = FoodDeliveryApp;
			productReference = B49F41E92C3466BE00F06455 /* FoodDeliveryApp.app */;
			productType = "com.apple.product-type.application";
		};
/* End PBXNativeTarget section */

/* Begin PBXProject section */
		B49F41E12C3466BE00F06455 /* Project object */ = {
			isa = PBXProject;
			attributes = {
				BuildIndependentTargetsInParallel = 1;
				LastSwiftUpdateCheck = 1500;
				LastUpgradeCheck = 1500;
				TargetAttributes = {
					B49F41E82C3466BE00F06455 = {
						CreatedOnToolsVersion = 15.0.1;
					};
				};
			};
			buildConfigurationList = B49F41E42C3466BE00F06455 /* Build configuration list for PBXProject "FoodDeliveryApp" */;
			compatibilityVersion = "Xcode 14.0";
			developmentRegion = en;
			hasScannedForEncodings = 0;
			knownRegions = (
				en,
				Base,
			);
			mainGroup = B49F41E02C3466BE00F06455;
			productRefGroup = B49F41EA2C3466BE00F06455 /* Products */;
			projectDirPath = "";
			projectRoot = "";
			targets = (
				B49F41E82C3466BE00F06455 /* FoodDeliveryApp */,
			);
		};
/* End PBXProject section */

/* Begin PBXResourcesBuildPhase section */
		B49F41E72C3466BE00F06455 /* Resources */ = {
			isa = PBXResourcesBuildPhase;
			buildActionMask = 2147483647;
			files = (
				B49F42202C35A66F00F06455 /* Roboto-Thin.ttf in Resources */,
				B49F421D2C35A66F00F06455 /* LICENSE.txt in Resources */,
				B49F42212C35A66F00F06455 /* Roboto-Black.ttf in Resources */,
				B49F421F2C35A66F00F06455 /* Roboto-Bold.ttf in Resources */,
				B49F41F92C3466C000F06455 /* LaunchScreen.storyboard in Resources */,
				B49F41F62C3466C000F06455 /* Assets.xcassets in Resources */,
				B49F421A2C35A66F00F06455 /* Roboto-BoldItalic.ttf in Resources */,
				B49F42172C35A66F00F06455 /* Roboto-Regular.ttf in Resources */,
				B49F42192C35A66F00F06455 /* Roboto-ThinItalic.ttf in Resources */,
				B49F421B2C35A66F00F06455 /* Roboto-LightItalic.ttf in Resources */,
				B49F421E2C35A66F00F06455 /* Roboto-BlackItalic.ttf in Resources */,
				B49F42162C35A66F00F06455 /* Roboto-Light.ttf in Resources */,
				B49F421C2C35A66F00F06455 /* Roboto-Italic.ttf in Resources */,
				B49F42182C35A66F00F06455 /* Roboto-MediumItalic.ttf in Resources */,
				B49F42152C35A66F00F06455 /* Roboto-Medium.ttf in Resources */,
			);
			runOnlyForDeploymentPostprocessing = 0;
		};
/* End PBXResourcesBuildPhase section */

/* Begin PBXSourcesBuildPhase section */
		B49F41E52C3466BE00F06455 /* Sources */ = {
			isa = PBXSourcesBuildPhase;
			buildActionMask = 2147483647;
			files = (
				B49F41F12C3466BE00F06455 /* ViewController.swift in Sources */,
				B49F41ED2C3466BE00F06455 /* AppDelegate.swift in Sources */,
				B49F42062C35A14E00F06455 /* UIFont+Extension.swift in Sources */,
				B49F42252C35AA5600F06455 /* AppColors.swift in Sources */,
				B49F422E2C36AC4800F06455 /* OnboardingCoordinator.swift in Sources */,
				B49F422C2C36AB9800F06455 /* AppCoordinator.swift in Sources */,
				B49F42322C36B93600F06455 /* OrderCoordinator.swift in Sources */,
				B49F423B2C37009000F06455 /* OnboardingViewController.swift in Sources */,
				B49F42492C3AED9000F06455 /* LoginViewController.swift in Sources */,
				B49F41EF2C3466BE00F06455 /* SceneDelegate.swift in Sources */,
				B49F42362C36B96900F06455 /* ProfileCoordinator.swift in Sources */,
				B49F42342C36B94F00F06455 /* ListCoordinator.swift in Sources */,
				B49F42302C36B8F800F06455 /* HomeCoordinator.swift in Sources */,
				B49F42382C36B99200F06455 /* TabBarController.swift in Sources */,
				B49F42402C3835C700F06455 /* OnboardingPartViewController.swift in Sources */,
				B49F42432C3AAC0900F06455 /* UserStorage.swift in Sources */,
				B49F42462C3AB0E200F06455 /* SceneFactory.swift in Sources */,
				B49F42232C35A78700F06455 /* UIColor+Extension.swift in Sources */,
				B49F424E2C3AEE6700F06455 /* BottomView.swift in Sources */,
				B4037DD22C3D40C500D6B003 /* FDButton.swift in Sources */,
				B49F423E2C3700F600F06455 /* OnboardingViewPresenter.swift in Sources */,
				B49F422A2C36A73300F06455 /* Coordinator.swift in Sources */,
			);
			runOnlyForDeploymentPostprocessing = 0;
		};
/* End PBXSourcesBuildPhase section */

/* Begin PBXVariantGroup section */
		B49F41F72C3466C000F06455 /* LaunchScreen.storyboard */ = {
			isa = PBXVariantGroup;
			children = (
				B49F41F82C3466C000F06455 /* Base */,
			);
			name = LaunchScreen.storyboard;
			sourceTree = "<group>";
		};
/* End PBXVariantGroup section */

/* Begin XCBuildConfiguration section */
		B49F41FB2C3466C000F06455 /* Debug */ = {
			isa = XCBuildConfiguration;
			buildSettings = {
				ALWAYS_SEARCH_USER_PATHS = NO;
				ASSETCATALOG_COMPILER_GENERATE_SWIFT_ASSET_SYMBOL_EXTENSIONS = YES;
				CLANG_ANALYZER_NONNULL = YES;
				CLANG_ANALYZER_NUMBER_OBJECT_CONVERSION = YES_AGGRESSIVE;
				CLANG_CXX_LANGUAGE_STANDARD = "gnu++20";
				CLANG_ENABLE_MODULES = YES;
				CLANG_ENABLE_OBJC_ARC = YES;
				CLANG_ENABLE_OBJC_WEAK = YES;
				CLANG_WARN_BLOCK_CAPTURE_AUTORELEASING = YES;
				CLANG_WARN_BOOL_CONVERSION = YES;
				CLANG_WARN_COMMA = YES;
				CLANG_WARN_CONSTANT_CONVERSION = YES;
				CLANG_WARN_DEPRECATED_OBJC_IMPLEMENTATIONS = YES;
				CLANG_WARN_DIRECT_OBJC_ISA_USAGE = YES_ERROR;
				CLANG_WARN_DOCUMENTATION_COMMENTS = YES;
				CLANG_WARN_EMPTY_BODY = YES;
				CLANG_WARN_ENUM_CONVERSION = YES;
				CLANG_WARN_INFINITE_RECURSION = YES;
				CLANG_WARN_INT_CONVERSION = YES;
				CLANG_WARN_NON_LITERAL_NULL_CONVERSION = YES;
				CLANG_WARN_OBJC_IMPLICIT_RETAIN_SELF = YES;
				CLANG_WARN_OBJC_LITERAL_CONVERSION = YES;
				CLANG_WARN_OBJC_ROOT_CLASS = YES_ERROR;
				CLANG_WARN_QUOTED_INCLUDE_IN_FRAMEWORK_HEADER = YES;
				CLANG_WARN_RANGE_LOOP_ANALYSIS = YES;
				CLANG_WARN_STRICT_PROTOTYPES = YES;
				CLANG_WARN_SUSPICIOUS_MOVE = YES;
				CLANG_WARN_UNGUARDED_AVAILABILITY = YES_AGGRESSIVE;
				CLANG_WARN_UNREACHABLE_CODE = YES;
				CLANG_WARN__DUPLICATE_METHOD_MATCH = YES;
				COPY_PHASE_STRIP = NO;
				DEBUG_INFORMATION_FORMAT = dwarf;
				ENABLE_STRICT_OBJC_MSGSEND = YES;
				ENABLE_TESTABILITY = YES;
				ENABLE_USER_SCRIPT_SANDBOXING = YES;
				GCC_C_LANGUAGE_STANDARD = gnu17;
				GCC_DYNAMIC_NO_PIC = NO;
				GCC_NO_COMMON_BLOCKS = YES;
				GCC_OPTIMIZATION_LEVEL = 0;
				GCC_PREPROCESSOR_DEFINITIONS = (
					"DEBUG=1",
					"$(inherited)",
				);
				GCC_WARN_64_TO_32_BIT_CONVERSION = YES;
				GCC_WARN_ABOUT_RETURN_TYPE = YES_ERROR;
				GCC_WARN_UNDECLARED_SELECTOR = YES;
				GCC_WARN_UNINITIALIZED_AUTOS = YES_AGGRESSIVE;
				GCC_WARN_UNUSED_FUNCTION = YES;
				GCC_WARN_UNUSED_VARIABLE = YES;
				IPHONEOS_DEPLOYMENT_TARGET = 17.0;
				LOCALIZATION_PREFERS_STRING_CATALOGS = YES;
				MTL_ENABLE_DEBUG_INFO = INCLUDE_SOURCE;
				MTL_FAST_MATH = YES;
				ONLY_ACTIVE_ARCH = YES;
				SDKROOT = iphoneos;
				SWIFT_ACTIVE_COMPILATION_CONDITIONS = "DEBUG $(inherited)";
				SWIFT_OPTIMIZATION_LEVEL = "-Onone";
			};
			name = Debug;
		};
		B49F41FC2C3466C000F06455 /* Release */ = {
			isa = XCBuildConfiguration;
			buildSettings = {
				ALWAYS_SEARCH_USER_PATHS = NO;
				ASSETCATALOG_COMPILER_GENERATE_SWIFT_ASSET_SYMBOL_EXTENSIONS = YES;
				CLANG_ANALYZER_NONNULL = YES;
				CLANG_ANALYZER_NUMBER_OBJECT_CONVERSION = YES_AGGRESSIVE;
				CLANG_CXX_LANGUAGE_STANDARD = "gnu++20";
				CLANG_ENABLE_MODULES = YES;
				CLANG_ENABLE_OBJC_ARC = YES;
				CLANG_ENABLE_OBJC_WEAK = YES;
				CLANG_WARN_BLOCK_CAPTURE_AUTORELEASING = YES;
				CLANG_WARN_BOOL_CONVERSION = YES;
				CLANG_WARN_COMMA = YES;
				CLANG_WARN_CONSTANT_CONVERSION = YES;
				CLANG_WARN_DEPRECATED_OBJC_IMPLEMENTATIONS = YES;
				CLANG_WARN_DIRECT_OBJC_ISA_USAGE = YES_ERROR;
				CLANG_WARN_DOCUMENTATION_COMMENTS = YES;
				CLANG_WARN_EMPTY_BODY = YES;
				CLANG_WARN_ENUM_CONVERSION = YES;
				CLANG_WARN_INFINITE_RECURSION = YES;
				CLANG_WARN_INT_CONVERSION = YES;
				CLANG_WARN_NON_LITERAL_NULL_CONVERSION = YES;
				CLANG_WARN_OBJC_IMPLICIT_RETAIN_SELF = YES;
				CLANG_WARN_OBJC_LITERAL_CONVERSION = YES;
				CLANG_WARN_OBJC_ROOT_CLASS = YES_ERROR;
				CLANG_WARN_QUOTED_INCLUDE_IN_FRAMEWORK_HEADER = YES;
				CLANG_WARN_RANGE_LOOP_ANALYSIS = YES;
				CLANG_WARN_STRICT_PROTOTYPES = YES;
				CLANG_WARN_SUSPICIOUS_MOVE = YES;
				CLANG_WARN_UNGUARDED_AVAILABILITY = YES_AGGRESSIVE;
				CLANG_WARN_UNREACHABLE_CODE = YES;
				CLANG_WARN__DUPLICATE_METHOD_MATCH = YES;
				COPY_PHASE_STRIP = NO;
				DEBUG_INFORMATION_FORMAT = "dwarf-with-dsym";
				ENABLE_NS_ASSERTIONS = NO;
				ENABLE_STRICT_OBJC_MSGSEND = YES;
				ENABLE_USER_SCRIPT_SANDBOXING = YES;
				GCC_C_LANGUAGE_STANDARD = gnu17;
				GCC_NO_COMMON_BLOCKS = YES;
				GCC_WARN_64_TO_32_BIT_CONVERSION = YES;
				GCC_WARN_ABOUT_RETURN_TYPE = YES_ERROR;
				GCC_WARN_UNDECLARED_SELECTOR = YES;
				GCC_WARN_UNINITIALIZED_AUTOS = YES_AGGRESSIVE;
				GCC_WARN_UNUSED_FUNCTION = YES;
				GCC_WARN_UNUSED_VARIABLE = YES;
				IPHONEOS_DEPLOYMENT_TARGET = 17.0;
				LOCALIZATION_PREFERS_STRING_CATALOGS = YES;
				MTL_ENABLE_DEBUG_INFO = NO;
				MTL_FAST_MATH = YES;
				SDKROOT = iphoneos;
				SWIFT_COMPILATION_MODE = wholemodule;
				VALIDATE_PRODUCT = YES;
			};
			name = Release;
		};
		B49F41FE2C3466C000F06455 /* Debug */ = {
			isa = XCBuildConfiguration;
			buildSettings = {
				ASSETCATALOG_COMPILER_APPICON_NAME = AppIcon;
				ASSETCATALOG_COMPILER_GLOBAL_ACCENT_COLOR_NAME = AccentColor;
				CODE_SIGN_STYLE = Automatic;
				CURRENT_PROJECT_VERSION = 1;
				DEVELOPMENT_TEAM = 942JVQXP5N;
				GENERATE_INFOPLIST_FILE = YES;
				INFOPLIST_FILE = FoodDeliveryApp/Info.plist;
				INFOPLIST_KEY_UIApplicationSupportsIndirectInputEvents = YES;
				INFOPLIST_KEY_UILaunchStoryboardName = LaunchScreen;
				INFOPLIST_KEY_UISupportedInterfaceOrientations_iPad = "UIInterfaceOrientationPortrait UIInterfaceOrientationPortraitUpsideDown UIInterfaceOrientationLandscapeLeft UIInterfaceOrientationLandscapeRight";
				INFOPLIST_KEY_UISupportedInterfaceOrientations_iPhone = "UIInterfaceOrientationPortrait UIInterfaceOrientationLandscapeLeft UIInterfaceOrientationLandscapeRight";
				LD_RUNPATH_SEARCH_PATHS = (
					"$(inherited)",
					"@executable_path/Frameworks",
				);
				MARKETING_VERSION = 1.0;
				PRODUCT_BUNDLE_IDENTIFIER = com.dar.FoodDeliveryApp;
				PRODUCT_NAME = "$(TARGET_NAME)";
				SWIFT_EMIT_LOC_STRINGS = YES;
				SWIFT_VERSION = 5.0;
				TARGETED_DEVICE_FAMILY = "1,2";
			};
			name = Debug;
		};
		B49F41FF2C3466C000F06455 /* Release */ = {
			isa = XCBuildConfiguration;
			buildSettings = {
				ASSETCATALOG_COMPILER_APPICON_NAME = AppIcon;
				ASSETCATALOG_COMPILER_GLOBAL_ACCENT_COLOR_NAME = AccentColor;
				CODE_SIGN_STYLE = Automatic;
				CURRENT_PROJECT_VERSION = 1;
				DEVELOPMENT_TEAM = 942JVQXP5N;
				GENERATE_INFOPLIST_FILE = YES;
				INFOPLIST_FILE = FoodDeliveryApp/Info.plist;
				INFOPLIST_KEY_UIApplicationSupportsIndirectInputEvents = YES;
				INFOPLIST_KEY_UILaunchStoryboardName = LaunchScreen;
				INFOPLIST_KEY_UISupportedInterfaceOrientations_iPad = "UIInterfaceOrientationPortrait UIInterfaceOrientationPortraitUpsideDown UIInterfaceOrientationLandscapeLeft UIInterfaceOrientationLandscapeRight";
				INFOPLIST_KEY_UISupportedInterfaceOrientations_iPhone = "UIInterfaceOrientationPortrait UIInterfaceOrientationLandscapeLeft UIInterfaceOrientationLandscapeRight";
				LD_RUNPATH_SEARCH_PATHS = (
					"$(inherited)",
					"@executable_path/Frameworks",
				);
				MARKETING_VERSION = 1.0;
				PRODUCT_BUNDLE_IDENTIFIER = com.dar.FoodDeliveryApp;
				PRODUCT_NAME = "$(TARGET_NAME)";
				SWIFT_EMIT_LOC_STRINGS = YES;
				SWIFT_VERSION = 5.0;
				TARGETED_DEVICE_FAMILY = "1,2";
			};
			name = Release;
		};
/* End XCBuildConfiguration section */

/* Begin XCConfigurationList section */
		B49F41E42C3466BE00F06455 /* Build configuration list for PBXProject "FoodDeliveryApp" */ = {
			isa = XCConfigurationList;
			buildConfigurations = (
				B49F41FB2C3466C000F06455 /* Debug */,
				B49F41FC2C3466C000F06455 /* Release */,
			);
			defaultConfigurationIsVisible = 0;
			defaultConfigurationName = Release;
		};
		B49F41FD2C3466C000F06455 /* Build configuration list for PBXNativeTarget "FoodDeliveryApp" */ = {
			isa = XCConfigurationList;
			buildConfigurations = (
				B49F41FE2C3466C000F06455 /* Debug */,
				B49F41FF2C3466C000F06455 /* Release */,
			);
			defaultConfigurationIsVisible = 0;
			defaultConfigurationName = Release;
		};
/* End XCConfigurationList section */
	};
	rootObject = B49F41E12C3466BE00F06455 /* Project object */;
}
